// !$*UTF8*$!
{
	archiveVersion = 1;
	classes = {
	};
	objectVersion = 46;
	objects = {

/* Begin PBXBuildFile section */
		3940DCD117C163E70061E765 /* UIKit.framework in Frameworks */ = {isa = PBXBuildFile; fileRef = 3940DCD017C163E70061E765 /* UIKit.framework */; };
		3940DCD317C163E70061E765 /* Foundation.framework in Frameworks */ = {isa = PBXBuildFile; fileRef = 3940DCD217C163E70061E765 /* Foundation.framework */; };
		3940DCD517C163E70061E765 /* CoreGraphics.framework in Frameworks */ = {isa = PBXBuildFile; fileRef = 3940DCD417C163E70061E765 /* CoreGraphics.framework */; };
		3940DCDB17C163E70061E765 /* InfoPlist.strings in Resources */ = {isa = PBXBuildFile; fileRef = 3940DCD917C163E70061E765 /* InfoPlist.strings */; };
		3940DCDD17C163E70061E765 /* main.m in Sources */ = {isa = PBXBuildFile; fileRef = 3940DCDC17C163E70061E765 /* main.m */; };
		3940DCE117C163E70061E765 /* AppDelegate.m in Sources */ = {isa = PBXBuildFile; fileRef = 3940DCE017C163E70061E765 /* AppDelegate.m */; };
		3940DCE317C163E70061E765 /* Default.png in Resources */ = {isa = PBXBuildFile; fileRef = 3940DCE217C163E70061E765 /* Default.png */; };
		3940DCE517C163E70061E765 /* Default@2x.png in Resources */ = {isa = PBXBuildFile; fileRef = 3940DCE417C163E70061E765 /* Default@2x.png */; };
		3940DCE717C163E70061E765 /* Default-568h@2x.png in Resources */ = {isa = PBXBuildFile; fileRef = 3940DCE617C163E70061E765 /* Default-568h@2x.png */; };
		3940DCEA17C163E70061E765 /* MainStoryboard.storyboard in Resources */ = {isa = PBXBuildFile; fileRef = 3940DCE817C163E70061E765 /* MainStoryboard.storyboard */; };
		3940DCED17C163E70061E765 /* MasterViewController.m in Sources */ = {isa = PBXBuildFile; fileRef = 3940DCEC17C163E70061E765 /* MasterViewController.m */; };
		3940DCF017C163E70061E765 /* DetailViewController.m in Sources */ = {isa = PBXBuildFile; fileRef = 3940DCEF17C163E70061E765 /* DetailViewController.m */; };
/* End PBXBuildFile section */

/* Begin PBXFileReference section */
		3940DCCD17C163E70061E765 /* todo.app */ = {isa = PBXFileReference; explicitFileType = wrapper.application; includeInIndex = 0; path = todo.app; sourceTree = BUILT_PRODUCTS_DIR; };
		3940DCD017C163E70061E765 /* UIKit.framework */ = {isa = PBXFileReference; lastKnownFileType = wrapper.framework; name = UIKit.framework; path = System/Library/Frameworks/UIKit.framework; sourceTree = SDKROOT; };
		3940DCD217C163E70061E765 /* Foundation.framework */ = {isa = PBXFileReference; lastKnownFileType = wrapper.framework; name = Foundation.framework; path = System/Library/Frameworks/Foundation.framework; sourceTree = SDKROOT; };
		3940DCD417C163E70061E765 /* CoreGraphics.framework */ = {isa = PBXFileReference; lastKnownFileType = wrapper.framework; name = CoreGraphics.framework; path = System/Library/Frameworks/CoreGraphics.framework; sourceTree = SDKROOT; };
		3940DCD817C163E70061E765 /* todo-Info.plist */ = {isa = PBXFileReference; lastKnownFileType = text.plist.xml; path = "todo-Info.plist"; sourceTree = "<group>"; };
		3940DCDA17C163E70061E765 /* en */ = {isa = PBXFileReference; lastKnownFileType = text.plist.strings; name = en; path = en.lproj/InfoPlist.strings; sourceTree = "<group>"; };
		3940DCDC17C163E70061E765 /* main.m */ = {isa = PBXFileReference; lastKnownFileType = sourcecode.c.objc; path = main.m; sourceTree = "<group>"; };
		3940DCDE17C163E70061E765 /* todo-Prefix.pch */ = {isa = PBXFileReference; lastKnownFileType = sourcecode.c.h; path = "todo-Prefix.pch"; sourceTree = "<group>"; };
		3940DCDF17C163E70061E765 /* AppDelegate.h */ = {isa = PBXFileReference; lastKnownFileType = sourcecode.c.h; path = AppDelegate.h; sourceTree = "<group>"; };
		3940DCE017C163E70061E765 /* AppDelegate.m */ = {isa = PBXFileReference; lastKnownFileType = sourcecode.c.objc; path = AppDelegate.m; sourceTree = "<group>"; };
		3940DCE217C163E70061E765 /* Default.png */ = {isa = PBXFileReference; lastKnownFileType = image.png; path = Default.png; sourceTree = "<group>"; };
		3940DCE417C163E70061E765 /* Default@2x.png */ = {isa = PBXFileReference; lastKnownFileType = image.png; path = "Default@2x.png"; sourceTree = "<group>"; };
		3940DCE617C163E70061E765 /* Default-568h@2x.png */ = {isa = PBXFileReference; lastKnownFileType = image.png; path = "Default-568h@2x.png"; sourceTree = "<group>"; };
		3940DCE917C163E70061E765 /* en */ = {isa = PBXFileReference; lastKnownFileType = file.storyboard; name = en; path = en.lproj/MainStoryboard.storyboard; sourceTree = "<group>"; };
		3940DCEB17C163E70061E765 /* MasterViewController.h */ = {isa = PBXFileReference; lastKnownFileType = sourcecode.c.h; path = MasterViewController.h; sourceTree = "<group>"; };
		3940DCEC17C163E70061E765 /* MasterViewController.m */ = {isa = PBXFileReference; lastKnownFileType = sourcecode.c.objc; path = MasterViewController.m; sourceTree = "<group>"; };
		3940DCEE17C163E70061E765 /* DetailViewController.h */ = {isa = PBXFileReference; lastKnownFileType = sourcecode.c.h; path = DetailViewController.h; sourceTree = "<group>"; };
		3940DCEF17C163E70061E765 /* DetailViewController.m */ = {isa = PBXFileReference; lastKnownFileType = sourcecode.c.objc; path = DetailViewController.m; sourceTree = "<group>"; };
/* End PBXFileReference section */

/* Begin PBXFrameworksBuildPhase section */
		3940DCCA17C163E70061E765 /* Frameworks */ = {
			isa = PBXFrameworksBuildPhase;
			buildActionMask = 2147483647;
			files = (
				3940DCD117C163E70061E765 /* UIKit.framework in Frameworks */,
				3940DCD317C163E70061E765 /* Foundation.framework in Frameworks */,
				3940DCD517C163E70061E765 /* CoreGraphics.framework in Frameworks */,
			);
			runOnlyForDeploymentPostprocessing = 0;
		};
/* End PBXFrameworksBuildPhase section */

/* Begin PBXGroup section */
		3940DCC417C163E70061E765 = {
			isa = PBXGroup;
			children = (
				3940DCD617C163E70061E765 /* todo */,
				3940DCCF17C163E70061E765 /* Frameworks */,
				3940DCCE17C163E70061E765 /* Products */,
			);
			sourceTree = "<group>";
		};
		3940DCCE17C163E70061E765 /* Products */ = {
			isa = PBXGroup;
			children = (
				3940DCCD17C163E70061E765 /* todo.app */,
			);
			name = Products;
			sourceTree = "<group>";
		};
		3940DCCF17C163E70061E765 /* Frameworks */ = {
			isa = PBXGroup;
			children = (
				3940DCD017C163E70061E765 /* UIKit.framework */,
				3940DCD217C163E70061E765 /* Foundation.framework */,
				3940DCD417C163E70061E765 /* CoreGraphics.framework */,
			);
			name = Frameworks;
			sourceTree = "<group>";
		};
		3940DCD617C163E70061E765 /* todo */ = {
			isa = PBXGroup;
			children = (
				3940DCDF17C163E70061E765 /* AppDelegate.h */,
				3940DCE017C163E70061E765 /* AppDelegate.m */,
				3940DCE817C163E70061E765 /* MainStoryboard.storyboard */,
				3940DCEB17C163E70061E765 /* MasterViewController.h */,
				3940DCEC17C163E70061E765 /* MasterViewController.m */,
				3940DCEE17C163E70061E765 /* DetailViewController.h */,
				3940DCEF17C163E70061E765 /* DetailViewController.m */,
				3940DCD717C163E70061E765 /* Supporting Files */,
			);
			path = todo;
			sourceTree = "<group>";
		};
		3940DCD717C163E70061E765 /* Supporting Files */ = {
			isa = PBXGroup;
			children = (
				3940DCD817C163E70061E765 /* todo-Info.plist */,
				3940DCD917C163E70061E765 /* InfoPlist.strings */,
				3940DCDC17C163E70061E765 /* main.m */,
				3940DCDE17C163E70061E765 /* todo-Prefix.pch */,
				3940DCE217C163E70061E765 /* Default.png */,
				3940DCE417C163E70061E765 /* Default@2x.png */,
				3940DCE617C163E70061E765 /* Default-568h@2x.png */,
			);
			name = "Supporting Files";
			sourceTree = "<group>";
		};
/* End PBXGroup section */

/* Begin PBXNativeTarget section */
		3940DCCC17C163E70061E765 /* todo */ = {
			isa = PBXNativeTarget;
			buildConfigurationList = 3940DCF317C163E70061E765 /* Build configuration list for PBXNativeTarget "todo" */;
			buildPhases = (
				3940DCC917C163E70061E765 /* Sources */,
				3940DCCA17C163E70061E765 /* Frameworks */,
				3940DCCB17C163E70061E765 /* Resources */,
			);
			buildRules = (
			);
			dependencies = (
			);
			name = todo;
			productName = todo;
			productReference = 3940DCCD17C163E70061E765 /* todo.app */;
			productType = "com.apple.product-type.application";
		};
/* End PBXNativeTarget section */

/* Begin PBXProject section */
		3940DCC517C163E70061E765 /* Project object */ = {
			isa = PBXProject;
			attributes = {
				LastUpgradeCheck = 0460;
				ORGANIZATIONNAME = "David Yin";
			};
			buildConfigurationList = 3940DCC817C163E70061E765 /* Build configuration list for PBXProject "todo" */;
			compatibilityVersion = "Xcode 3.2";
			developmentRegion = English;
			hasScannedForEncodings = 0;
			knownRegions = (
				en,
			);
			mainGroup = 3940DCC417C163E70061E765;
			productRefGroup = 3940DCCE17C163E70061E765 /* Products */;
			projectDirPath = "";
			projectRoot = "";
			targets = (
				3940DCCC17C163E70061E765 /* todo */,
			);
		};
/* End PBXProject section */

/* Begin PBXResourcesBuildPhase section */
		3940DCCB17C163E70061E765 /* Resources */ = {
			isa = PBXResourcesBuildPhase;
			buildActionMask = 2147483647;
			files = (
				3940DCDB17C163E70061E765 /* InfoPlist.strings in Resources */,
				3940DCE317C163E70061E765 /* Default.png in Resources */,
				3940DCE517C163E70061E765 /* Default@2x.png in Resources */,
				3940DCE717C163E70061E765 /* Default-568h@2x.png in Resources */,
				3940DCEA17C163E70061E765 /* MainStoryboard.storyboard in Resources */,
			);
			runOnlyForDeploymentPostprocessing = 0;
		};
/* End PBXResourcesBuildPhase section */

/* Begin PBXSourcesBuildPhase section */
		3940DCC917C163E70061E765 /* Sources */ = {
			isa = PBXSourcesBuildPhase;
			buildActionMask = 2147483647;
			files = (
				3940DCDD17C163E70061E765 /* main.m in Sources */,
				3940DCE117C163E70061E765 /* AppDelegate.m in Sources */,
				3940DCED17C163E70061E765 /* MasterViewController.m in Sources */,
				3940DCF017C163E70061E765 /* DetailViewController.m in Sources */,
			);
			runOnlyForDeploymentPostprocessing = 0;
		};
/* End PBXSourcesBuildPhase section */

/* Begin PBXVariantGroup section */
		3940DCD917C163E70061E765 /* InfoPlist.strings */ = {
			isa = PBXVariantGroup;
			children = (
				3940DCDA17C163E70061E765 /* en */,
			);
			name = InfoPlist.strings;
			sourceTree = "<group>";
		};
		3940DCE817C163E70061E765 /* MainStoryboard.storyboard */ = {
			isa = PBXVariantGroup;
			children = (
				3940DCE917C163E70061E765 /* en */,
			);
			name = MainStoryboard.storyboard;
			sourceTree = "<group>";
		};
/* End PBXVariantGroup section */

/* Begin XCBuildConfiguration section */
		3940DCF117C163E70061E765 /* Debug */ = {
			isa = XCBuildConfiguration;
			buildSettings = {
				ALWAYS_SEARCH_USER_PATHS = NO;
				CLANG_CXX_LANGUAGE_STANDARD = "gnu++0x";
				CLANG_CXX_LIBRARY = "libc++";
				CLANG_ENABLE_OBJC_ARC = YES;
				CLANG_WARN_CONSTANT_CONVERSION = YES;
				CLANG_WARN_EMPTY_BODY = YES;
				CLANG_WARN_ENUM_CONVERSION = YES;
				CLANG_WARN_INT_CONVERSION = YES;
				CLANG_WARN__DUPLICATE_METHOD_MATCH = YES;
				"CODE_SIGN_IDENTITY[sdk=iphoneos*]" = "iPhone Developer";
				COPY_PHASE_STRIP = NO;
				GCC_C_LANGUAGE_STANDARD = gnu99;
				GCC_DYNAMIC_NO_PIC = NO;
				GCC_OPTIMIZATION_LEVEL = 0;
				GCC_PREPROCESSOR_DEFINITIONS = (
					"DEBUG=1",
					"$(inherited)",
				);
				GCC_SYMBOLS_PRIVATE_EXTERN = NO;
				GCC_WARN_ABOUT_RETURN_TYPE = YES;
				GCC_WARN_UNINITIALIZED_AUTOS = YES;
				GCC_WARN_UNUSED_VARIABLE = YES;
				IPHONEOS_DEPLOYMENT_TARGET = 6.1;
				ONLY_ACTIVE_ARCH = YES;
				SDKROOT = iphoneos;
			};
			name = Debug;
		};
		3940DCF217C163E70061E765 /* Release */ = {
			isa = XCBuildConfiguration;
			buildSettings = {
				ALWAYS_SEARCH_USER_PATHS = NO;
				CLANG_CXX_LANGUAGE_STANDARD = "gnu++0x";
				CLANG_CXX_LIBRARY = "libc++";
				CLANG_ENABLE_OBJC_ARC = YES;
				CLANG_WARN_CONSTANT_CONVERSION = YES;
				CLANG_WARN_EMPTY_BODY = YES;
				CLANG_WARN_ENUM_CONVERSION = YES;
				CLANG_WARN_INT_CONVERSION = YES;
				CLANG_WARN__DUPLICATE_METHOD_MATCH = YES;
				"CODE_SIGN_IDENTITY[sdk=iphoneos*]" = "iPhone Developer";
				COPY_PHASE_STRIP = YES;
				GCC_C_LANGUAGE_STANDARD = gnu99;
				GCC_WARN_ABOUT_RETURN_TYPE = YES;
				GCC_WARN_UNINITIALIZED_AUTOS = YES;
				GCC_WARN_UNUSED_VARIABLE = YES;
				IPHONEOS_DEPLOYMENT_TARGET = 6.1;
				OTHER_CFLAGS = "-DNS_BLOCK_ASSERTIONS=1";
				SDKROOT = iphoneos;
				VALIDATE_PRODUCT = YES;
			};
			name = Release;
		};
		3940DCF417C163E70061E765 /* Debug */ = {
			isa = XCBuildConfiguration;
			buildSettings = {
				GCC_PRECOMPILE_PREFIX_HEADER = YES;
				GCC_PREFIX_HEADER = "todo/todo-Prefix.pch";
				INFOPLIST_FILE = "todo/todo-Info.plist";
				PRODUCT_NAME = "$(TARGET_NAME)";
				WRAPPER_EXTENSION = app;
			};
			name = Debug;
		};
		3940DCF517C163E70061E765 /* Release */ = {
			isa = XCBuildConfiguration;
			buildSettings = {
				GCC_PRECOMPILE_PREFIX_HEADER = YES;
				GCC_PREFIX_HEADER = "todo/todo-Prefix.pch";
				INFOPLIST_FILE = "todo/todo-Info.plist";
				PRODUCT_NAME = "$(TARGET_NAME)";
				WRAPPER_EXTENSION = app;
			};
			name = Release;
		};
/* End XCBuildConfiguration section */

/* Begin XCConfigurationList section */
		3940DCC817C163E70061E765 /* Build configuration list for PBXProject "todo" */ = {
			isa = XCConfigurationList;
			buildConfigurations = (
				3940DCF117C163E70061E765 /* Debug */,
				3940DCF217C163E70061E765 /* Release */,
			);
			defaultConfigurationIsVisible = 0;
			defaultConfigurationName = Release;
		};
		3940DCF317C163E70061E765 /* Build configuration list for PBXNativeTarget "todo" */ = {
			isa = XCConfigurationList;
			buildConfigurations = (
				3940DCF417C163E70061E765 /* Debug */,
				3940DCF517C163E70061E765 /* Release */,
			);
			defaultConfigurationIsVisible = 0;
		};
/* End XCConfigurationList section */
	};
	rootObject = 3940DCC517C163E70061E765 /* Project object */;
}
